
Microsoft Visual Studio Solution File, Format Version 12.00
# Visual Studio Version 16
VisualStudioVersion = 16.0.30011.22
MinimumVisualStudioVersion = 10.0.40219.1
Project("{FAE04EC0-301F-11D3-BF4B-00C04F79EFBC}") = "Com.MobileSolutions.WorkerPdfListener", "Com.MobileSolutions.WorkerPdfListener\Com.MobileSolutions.WorkerPdfListener.csproj", "{7F334DBF-03C1-4B3F-86A3-00461D143708}"
EndProject
Global
	GlobalSection(SolutionConfigurationPlatforms) = preSolution
		Debug|Any CPU = Debug|Any CPU
		Release|Any CPU = Release|Any CPU
	EndGlobalSection
	GlobalSection(ProjectConfigurationPlatforms) = postSolution
		{7F334DBF-03C1-4B3F-86A3-00461D143708}.Debug|Any CPU.ActiveCfg = Debug|Any CPU
		{7F334DBF-03C1-4B3F-86A3-00461D143708}.Debug|Any CPU.Build.0 = Debug|Any CPU
		{7F334DBF-03C1-4B3F-86A3-00461D143708}.Release|Any CPU.ActiveCfg = Release|Any CPU
		{7F334DBF-03C1-4B3F-86A3-00461D143708}.Release|Any CPU.Build.0 = Release|Any CPU
	EndGlobalSection
	GlobalSection(SolutionProperties) = preSolution
		HideSolutionNode = FALSE
	EndGlobalSection
	GlobalSection(ExtensibilityGlobals) = postSolution
		SolutionGuid = {1A92E69B-01AF-44A7-8DFB-7B375377EEAF}
	EndGlobalSection
EndGlobal
